{"filter":false,"title":"Gemfile.lock","tooltip":"/bookers1-debug/Gemfile.lock","undoManager":{"mark":-1,"position":-1,"stack":[]},"ace":{"folds":[],"scrolltop":3779.5,"scrollleft":0,"selection":{"start":{"row":0,"column":0},"end":{"row":0,"column":0},"isBackwards":false},"options":{"guessTabSize":true,"useWrapMode":false,"wrapToView":true},"firstLineState":{"row":235,"state":"start","mode":"ace/mode/text"}},"timestamp":1588387425740,"hash":"bc5f9a01a88888332357761053f04e6782d187d9"}